{
  "requires": true,
  "lockfileVersion": 1,
  "dependencies": {
    "scroll-behavior-polyfill": {
      "version": "2.0.13",
      "resolved": "https://registry.npmjs.org/scroll-behavior-polyfill/-/scroll-behavior-polyfill-2.0.13.tgz",
      "integrity": "sha512-X1AC6+k0++Y3XOT8Likr5Dh4XMmwvbTolr3Mp2g1jYPpOQ3++wff/JPfPEK6zqPCkZ88Ac0/OMRW/Uwh16U+HQ=="
    },
    "vue-infinite-loading": {
      "version": "2.4.5",
      "resolved": "https://registry.npmjs.org/vue-infinite-loading/-/vue-infinite-loading-2.4.5.tgz",
      "integrity": "sha512-xhq95Mxun060bRnsOoLE2Be6BR7jYwuC89kDe18+GmCLVrRA/dU0jrGb12Xu6NjmKs+iTW0AA6saSEmEW4cR7g=="
    }
  }
}
